{
  "name": "test",
  "lockfileVersion": 3,
  "requires": true,
  "packages": {
    "": {
      "dependencies": {
        "@uppy/core": "^3",
        "@uppy/dashboard": "^3.8.3",
        "@uppy/drag-drop": "^3.1.0",
        "@uppy/drop-target": "^2.1.0",
        "@uppy/file-input": "^3.1.2",
        "@uppy/status-bar": "^3.3.3",
        "@uppy/xhr-upload": "^3.6.7",
        "awesome-notifications": "^3"
      },
      "devDependencies": {
        "@types/awesome-notifications": "^3.1.6"
      }
    },
    "node_modules/@transloadit/prettier-bytes": {
      "version": "0.3.4",
      "resolved": "https://registry.npmjs.org/@transloadit/prettier-bytes/-/prettier-bytes-0.3.4.tgz",
      "integrity": "sha512-8/SnIF9Q2k52mbjRVAYLranwkaDTLb+O9r4Z/uo8uNw//SjygKvvbF4BHSOuReufaAyum1q13602VcNud25Dfg=="
    },
    "node_modules/@types/awesome-notifications": {
      "version": "3.1.6",
      "resolved": "https://registry.npmjs.org/@types/awesome-notifications/-/awesome-notifications-3.1.6.tgz",
      "integrity": "sha512-g/CYIYidjwS+Tto0H6SLdVUpvAieOAHRJU/g3CY3/VyijJkFb0zwsvXbCpTZqJz0fl9oY/tg7zwMiFpF9O2n7g==",
      "dev": true
    },
    "node_modules/@types/retry": {
      "version": "0.12.2",
      "resolved": "https://registry.npmjs.org/@types/retry/-/retry-0.12.2.tgz",
      "integrity": "sha512-XISRgDJ2Tc5q4TRqvgJtzsRkFYNJzZrhTdtMoGVBttwzzQJkPnS3WWTFc7kuDRoPtPakl+T+OfdEUjYJj7Jbow=="
    },
    "node_modules/@uppy/companion-client": {
      "version": "3.8.1",
      "resolved": "https://registry.npmjs.org/@uppy/companion-client/-/companion-client-3.8.1.tgz",
      "integrity": "sha512-A1k9cOgGMsJNx1lI0Lj2ZaLAH3WIL3xImi2EPXuAHgL1uBZqjuffP2P9XK4nr+KVc+PBivOxH7MoiYpJm97/xw==",
      "dependencies": {
        "@uppy/utils": "^5.9.0",
        "namespace-emitter": "^2.0.1",
        "p-retry": "^6.1.0"
      },
      "peerDependencies": {
        "@uppy/core": "^3.11.0"
      }
    },
    "node_modules/@uppy/core": {
      "version": "3.12.0",
      "resolved": "https://registry.npmjs.org/@uppy/core/-/core-3.12.0.tgz",
      "integrity": "sha512-kLkbJfDvJsjR2fIJdEFtLLVGNVxQS+Gtm1z4SxYVmJEm7ZNePsVsDABHasr2CI0jWKcq0PEQACr7wRBpNDkpKA==",
      "dependencies": {
        "@transloadit/prettier-bytes": "^0.3.4",
        "@uppy/store-default": "^3.2.2",
        "@uppy/utils": "^5.9.0",
        "lodash": "^4.17.21",
        "mime-match": "^1.0.2",
        "namespace-emitter": "^2.0.1",
        "nanoid": "^4.0.0",
        "preact": "^10.5.13"
      }
    },
    "node_modules/@uppy/dashboard": {
      "version": "3.8.3",
      "resolved": "https://registry.npmjs.org/@uppy/dashboard/-/dashboard-3.8.3.tgz",
      "integrity": "sha512-R55GliI6I/8G1o0s834+XDFeGTKRFgPQr2KVkHNA0bzU/eYPE+jPW+UtZchaZDUfMMjIjwDEiYtobhcPsukGxg==",
      "dependencies": {
        "@transloadit/prettier-bytes": "^0.3.4",
        "@uppy/informer": "^3.1.0",
        "@uppy/provider-views": "^3.12.0",
        "@uppy/status-bar": "^3.3.3",
        "@uppy/thumbnail-generator": "^3.1.0",
        "@uppy/utils": "^5.9.0",
        "classnames": "^2.2.6",
        "is-shallow-equal": "^1.0.1",
        "lodash": "^4.17.21",
        "memoize-one": "^6.0.0",
        "nanoid": "^4.0.0",
        "preact": "^10.5.13"
      },
      "peerDependencies": {
        "@uppy/core": "^3.11.2"
      }
    },
    "node_modules/@uppy/drag-drop": {
      "version": "3.1.0",
      "resolved": "https://registry.npmjs.org/@uppy/drag-drop/-/drag-drop-3.1.0.tgz",
      "integrity": "sha512-9TINGQ9R5xmu7rvd3MpxNv/E6W28VkmSDhl91l8IOcxCU44psctuvgt57TB5ArLKfICljDBJzs/6dCU38U1CuA==",
      "dependencies": {
        "@uppy/utils": "^5.7.5",
        "preact": "^10.5.13"
      },
      "peerDependencies": {
        "@uppy/core": "^3.10.0"
      }
    },
    "node_modules/@uppy/drop-target": {
      "version": "2.1.0",
      "resolved": "https://registry.npmjs.org/@uppy/drop-target/-/drop-target-2.1.0.tgz",
      "integrity": "sha512-s05stmY2u6BK0X7c/jMAxnTigUj08ccesoD9kmkkfPZh+J0icgokJa+P/KwwAiPAyReBoJSS1ZBzjHjuAM0v9Q==",
      "dependencies": {
        "@uppy/utils": "^5.9.0"
      },
      "peerDependencies": {
        "@uppy/core": "^3.11.0"
      }
    },
    "node_modules/@uppy/file-input": {
      "version": "3.1.2",
      "resolved": "https://registry.npmjs.org/@uppy/file-input/-/file-input-3.1.2.tgz",
      "integrity": "sha512-IgZhK3EfO2bEqmEwpqfo3N9k8OxV2pmuGdKU4IuwJFv3Q1s1F6ceSDhWX8ivtVXlDvnbJIkqZbZjnvWwJxfjng==",
      "dependencies": {
        "@uppy/utils": "^5.9.0",
        "preact": "^10.5.13"
      },
      "peerDependencies": {
        "@uppy/core": "^3.11.0"
      }
    },
    "node_modules/@uppy/informer": {
      "version": "3.1.0",
      "resolved": "https://registry.npmjs.org/@uppy/informer/-/informer-3.1.0.tgz",
      "integrity": "sha512-vmpTLqzSLmZSuIVDZV0o19yXVqyTh5/uCbKUEiyfBhR726kQiuYQLP/ZHaKcvW3c1ESQGbNg53iNHbFBqF681w==",
      "dependencies": {
        "@uppy/utils": "^5.7.4",
        "preact": "^10.5.13"
      },
      "peerDependencies": {
        "@uppy/core": "^3.9.3"
      }
    },
    "node_modules/@uppy/provider-views": {
      "version": "3.12.1",
      "resolved": "https://registry.npmjs.org/@uppy/provider-views/-/provider-views-3.12.1.tgz",
      "integrity": "sha512-uIbz95kqTKpo33LvRufnknG+SvSoHAia+6yekzKHMg7Q+7er4yDXpwUDMolEv19z3Sma8LaQIvAfXSSyevYa+A==",
      "dependencies": {
        "@uppy/utils": "^5.9.0",
        "classnames": "^2.2.6",
        "nanoid": "^4.0.0",
        "p-queue": "^7.3.4",
        "preact": "^10.5.13"
      },
      "peerDependencies": {
        "@uppy/core": "^3.12.0"
      }
    },
    "node_modules/@uppy/status-bar": {
      "version": "3.3.3",
      "resolved": "https://registry.npmjs.org/@uppy/status-bar/-/status-bar-3.3.3.tgz",
      "integrity": "sha512-TCcnBjTDbq/AmnGOcWbCpQNsv05Z6Y36zdmTCt/xNe2/gTVAYAzGRoGOrkeb6jf/E4AAi25VyOolSqL2ibB8Kw==",
      "dependencies": {
        "@transloadit/prettier-bytes": "^0.3.4",
        "@uppy/utils": "^5.9.0",
        "classnames": "^2.2.6",
        "preact": "^10.5.13"
      },
      "peerDependencies": {
        "@uppy/core": "^3.11.2"
      }
    },
    "node_modules/@uppy/store-default": {
      "version": "3.2.2",
      "resolved": "https://registry.npmjs.org/@uppy/store-default/-/store-default-3.2.2.tgz",
      "integrity": "sha512-OiSgT++Jj4nLK0N9WTeod3UNjCH81OXE5BcMJCd9oWzl2d0xPNq2T/E9Y6O72XVd+6Y7+tf5vZlPElutfMB3KQ=="
    },
    "node_modules/@uppy/thumbnail-generator": {
      "version": "3.1.0",
      "resolved": "https://registry.npmjs.org/@uppy/thumbnail-generator/-/thumbnail-generator-3.1.0.tgz",
      "integrity": "sha512-tDKK/cukC0CrM0F/OlHFmvpGGUq+Db4YfakhIGPKtT7ZO8aWOiIu5JIvaYUnKRxGq3RGsk4zhkxYXuoxVzzsGA==",
      "dependencies": {
        "@uppy/utils": "^5.7.5",
        "exifr": "^7.0.0"
      },
      "peerDependencies": {
        "@uppy/core": "^3.10.0"
      }
    },
    "node_modules/@uppy/utils": {
      "version": "5.9.0",
      "resolved": "https://registry.npmjs.org/@uppy/utils/-/utils-5.9.0.tgz",
      "integrity": "sha512-9Ubddd3orCOLYjf0KobwgJ+aTrABSxk9t4X/QdM4qJHVZuMIftkaMplrViRUO+kvIBCXEZDIP2AmS060siDNGw==",
      "dependencies": {
        "lodash": "^4.17.21",
        "preact": "^10.5.13"
      }
    },
    "node_modules/@uppy/xhr-upload": {
      "version": "3.6.7",
      "resolved": "https://registry.npmjs.org/@uppy/xhr-upload/-/xhr-upload-3.6.7.tgz",
      "integrity": "sha512-xd8PA6gz8/usm7wpI6w8zOjnw5KnE/Yt7fWknFubMFCbP0yutWbStgeFAj5AMdLjLQpGveGb/OVWHhBfy2LwlA==",
      "dependencies": {
        "@uppy/companion-client": "^3.8.1",
        "@uppy/utils": "^5.9.0"
      },
      "peerDependencies": {
        "@uppy/core": "^3.11.3"
      }
    },
    "node_modules/awesome-notifications": {
      "version": "3.1.3",
      "resolved": "https://registry.npmjs.org/awesome-notifications/-/awesome-notifications-3.1.3.tgz",
      "integrity": "sha512-bEm+52ePN9IQipu77YN/7Ia7hkSlZjLTra8/Y+vTfZUt+oB5jPA601akBi7uxJ8VghvpmuhwARUBQ2Iae3J8Sg=="
    },
    "node_modules/classnames": {
      "version": "2.5.1",
      "resolved": "https://registry.npmjs.org/classnames/-/classnames-2.5.1.tgz",
      "integrity": "sha512-saHYOzhIQs6wy2sVxTM6bUDsQO4F50V9RQ22qBpEdCW+I+/Wmke2HOl6lS6dTpdxVhb88/I6+Hs+438c3lfUow=="
    },
    "node_modules/eventemitter3": {
      "version": "5.0.1",
      "resolved": "https://registry.npmjs.org/eventemitter3/-/eventemitter3-5.0.1.tgz",
      "integrity": "sha512-GWkBvjiSZK87ELrYOSESUYeVIc9mvLLf/nXalMOS5dYrgZq9o5OVkbZAVM06CVxYsCwH9BDZFPlQTlPA1j4ahA=="
    },
    "node_modules/exifr": {
      "version": "7.1.3",
      "resolved": "https://registry.npmjs.org/exifr/-/exifr-7.1.3.tgz",
      "integrity": "sha512-g/aje2noHivrRSLbAUtBPWFbxKdKhgj/xr1vATDdUXPOFYJlQ62Ft0oy+72V6XLIpDJfHs6gXLbBLAolqOXYRw=="
    },
    "node_modules/is-network-error": {
      "version": "1.1.0",
      "resolved": "https://registry.npmjs.org/is-network-error/-/is-network-error-1.1.0.tgz",
      "integrity": "sha512-tUdRRAnhT+OtCZR/LxZelH/C7QtjtFrTu5tXCA8pl55eTUElUHT+GPYV8MBMBvea/j+NxQqVt3LbWMRir7Gx9g==",
      "engines": {
        "node": ">=16"
      },
      "funding": {
        "url": "https://github.com/sponsors/sindresorhus"
      }
    },
    "node_modules/is-shallow-equal": {
      "version": "1.0.1",
      "resolved": "https://registry.npmjs.org/is-shallow-equal/-/is-shallow-equal-1.0.1.tgz",
      "integrity": "sha512-lq5RvK+85Hs5J3p4oA4256M1FEffzmI533ikeDHvJd42nouRRx5wBzt36JuviiGe5dIPyHON/d0/Up+PBo6XkQ=="
    },
    "node_modules/lodash": {
      "version": "4.17.21",
      "resolved": "https://registry.npmjs.org/lodash/-/lodash-4.17.21.tgz",
      "integrity": "sha512-v2kDEe57lecTulaDIuNTPy3Ry4gLGJ6Z1O3vE1krgXZNrsQ+LFTGHVxVjcXPs17LhbZVGedAJv8XZ1tvj5FvSg=="
    },
    "node_modules/memoize-one": {
      "version": "6.0.0",
      "resolved": "https://registry.npmjs.org/memoize-one/-/memoize-one-6.0.0.tgz",
      "integrity": "sha512-rkpe71W0N0c0Xz6QD0eJETuWAJGnJ9afsl1srmwPrI+yBCkge5EycXXbYRyvL29zZVUWQCY7InPRCv3GDXuZNw=="
    },
    "node_modules/mime-match": {
      "version": "1.0.2",
      "resolved": "https://registry.npmjs.org/mime-match/-/mime-match-1.0.2.tgz",
      "integrity": "sha512-VXp/ugGDVh3eCLOBCiHZMYWQaTNUHv2IJrut+yXA6+JbLPXHglHwfS/5A5L0ll+jkCY7fIzRJcH6OIunF+c6Cg==",
      "dependencies": {
        "wildcard": "^1.1.0"
      }
    },
    "node_modules/namespace-emitter": {
      "version": "2.0.1",
      "resolved": "https://registry.npmjs.org/namespace-emitter/-/namespace-emitter-2.0.1.tgz",
      "integrity": "sha512-N/sMKHniSDJBjfrkbS/tpkPj4RAbvW3mr8UAzvlMHyun93XEm83IAvhWtJVHo+RHn/oO8Job5YN4b+wRjSVp5g=="
    },
    "node_modules/nanoid": {
      "version": "4.0.2",
      "resolved": "https://registry.npmjs.org/nanoid/-/nanoid-4.0.2.tgz",
      "integrity": "sha512-7ZtY5KTCNheRGfEFxnedV5zFiORN1+Y1N6zvPTnHQd8ENUvfaDBeuJDZb2bN/oXwXxu3qkTXDzy57W5vAmDTBw==",
      "funding": [
        {
          "type": "github",
          "url": "https://github.com/sponsors/ai"
        }
      ],
      "bin": {
        "nanoid": "bin/nanoid.js"
      },
      "engines": {
        "node": "^14 || ^16 || >=18"
      }
    },
    "node_modules/p-queue": {
      "version": "7.4.1",
      "resolved": "https://registry.npmjs.org/p-queue/-/p-queue-7.4.1.tgz",
      "integrity": "sha512-vRpMXmIkYF2/1hLBKisKeVYJZ8S2tZ0zEAmIJgdVKP2nq0nh4qCdf8bgw+ZgKrkh71AOCaqzwbJJk1WtdcF3VA==",
      "dependencies": {
        "eventemitter3": "^5.0.1",
        "p-timeout": "^5.0.2"
      },
      "engines": {
        "node": ">=12"
      },
      "funding": {
        "url": "https://github.com/sponsors/sindresorhus"
      }
    },
    "node_modules/p-retry": {
      "version": "6.2.0",
      "resolved": "https://registry.npmjs.org/p-retry/-/p-retry-6.2.0.tgz",
      "integrity": "sha512-JA6nkq6hKyWLLasXQXUrO4z8BUZGUt/LjlJxx8Gb2+2ntodU/SS63YZ8b0LUTbQ8ZB9iwOfhEPhg4ykKnn2KsA==",
      "dependencies": {
        "@types/retry": "0.12.2",
        "is-network-error": "^1.0.0",
        "retry": "^0.13.1"
      },
      "engines": {
        "node": ">=16.17"
      },
      "funding": {
        "url": "https://github.com/sponsors/sindresorhus"
      }
    },
    "node_modules/p-timeout": {
      "version": "5.1.0",
      "resolved": "https://registry.npmjs.org/p-timeout/-/p-timeout-5.1.0.tgz",
      "integrity": "sha512-auFDyzzzGZZZdHz3BtET9VEz0SE/uMEAx7uWfGPucfzEwwe/xH0iVeZibQmANYE/hp9T2+UUZT5m+BKyrDp3Ew==",
      "engines": {
        "node": ">=12"
      },
      "funding": {
        "url": "https://github.com/sponsors/sindresorhus"
      }
    },
    "node_modules/preact": {
      "version": "10.22.0",
      "resolved": "https://registry.npmjs.org/preact/-/preact-10.22.0.tgz",
      "integrity": "sha512-RRurnSjJPj4rp5K6XoP45Ui33ncb7e4H7WiOHVpjbkvqvA3U+N8Z6Qbo0AE6leGYBV66n8EhEaFixvIu3SkxFw==",
      "funding": {
        "type": "opencollective",
        "url": "https://opencollective.com/preact"
      }
    },
    "node_modules/retry": {
      "version": "0.13.1",
      "resolved": "https://registry.npmjs.org/retry/-/retry-0.13.1.tgz",
      "integrity": "sha512-XQBQ3I8W1Cge0Seh+6gjj03LbmRFWuoszgK9ooCpwYIrhhoO80pfq4cUkU5DkknwfOfFteRwlZ56PYOGYyFWdg==",
      "engines": {
        "node": ">= 4"
      }
    },
    "node_modules/wildcard": {
      "version": "1.1.2",
      "resolved": "https://registry.npmjs.org/wildcard/-/wildcard-1.1.2.tgz",
      "integrity": "sha512-DXukZJxpHA8LuotRwL0pP1+rS6CS7FF2qStDDE1C7DDg2rLud2PXRMuEDYIPhgEezwnlHNL4c+N6MfMTjCGTng=="
    }
  }
}
